# THIS IS AN AUTOGENERATED FILE. DO NOT EDIT THIS FILE DIRECTLY.
# yarn lockfile v1


"@biomejs/biome@https://pkg.pr.new/biomejs/biome/@biomejs/biome@2d699e3":
  version "1.9.4"
  resolved "https://pkg.pr.new/biomejs/biome/@biomejs/biome@2d699e3#ea1649adfccd7233116b436c8b8270eee71461e1"
  optionalDependencies:
    "@biomejs/cli-darwin-arm64" "https://pkg.pr.new/biomejs/biome/@biomejs/cli-darwin-arm64@2d699e3"
    "@biomejs/cli-darwin-x64" "https://pkg.pr.new/biomejs/biome/@biomejs/cli-darwin-x64@2d699e3"
    "@biomejs/cli-linux-arm64" "https://pkg.pr.new/biomejs/biome/@biomejs/cli-linux-arm64@2d699e3"
    "@biomejs/cli-linux-arm64-musl" "https://pkg.pr.new/biomejs/biome/@biomejs/cli-linux-arm64-musl@2d699e3"
    "@biomejs/cli-linux-x64" "https://pkg.pr.new/biomejs/biome/@biomejs/cli-linux-x64@2d699e3"
    "@biomejs/cli-linux-x64-musl" "https://pkg.pr.new/biomejs/biome/@biomejs/cli-linux-x64-musl@2d699e3"
    "@biomejs/cli-win32-arm64" "https://pkg.pr.new/biomejs/biome/@biomejs/cli-win32-arm64@2d699e3"
    "@biomejs/cli-win32-x64" "https://pkg.pr.new/biomejs/biome/@biomejs/cli-win32-x64@2d699e3"

"@biomejs/cli-darwin-arm64@https://pkg.pr.new/biomejs/biome/@biomejs/cli-darwin-arm64@2d699e3":
  version "1.9.4"
  resolved "https://pkg.pr.new/biomejs/biome/@biomejs/cli-darwin-arm64@2d699e3#09f513f7a67c4b363f647da1fbe4184a9df30c88"

"@biomejs/cli-darwin-x64@https://pkg.pr.new/biomejs/biome/@biomejs/cli-darwin-x64@2d699e3":
  version "1.9.4"
  resolved "https://pkg.pr.new/biomejs/biome/@biomejs/cli-darwin-x64@2d699e3#733e2625a1ba9910a25075aa0e2ec24539179140"

"@biomejs/cli-linux-arm64-musl@https://pkg.pr.new/biomejs/biome/@biomejs/cli-linux-arm64-musl@2d699e3":
  version "1.9.4"
  resolved "https://pkg.pr.new/biomejs/biome/@biomejs/cli-linux-arm64-musl@2d699e3#cc85c0a3de9209d9ceb3164b690f5ff8c5ca49db"

"@biomejs/cli-linux-arm64@https://pkg.pr.new/biomejs/biome/@biomejs/cli-linux-arm64@2d699e3":
  version "1.9.4"
  resolved "https://pkg.pr.new/biomejs/biome/@biomejs/cli-linux-arm64@2d699e3#eef280c2178d82310d4c9dce3ddcd9293d3b12d1"

"@biomejs/cli-linux-x64-musl@https://pkg.pr.new/biomejs/biome/@biomejs/cli-linux-x64-musl@2d699e3":
  version "1.9.4"
  resolved "https://pkg.pr.new/biomejs/biome/@biomejs/cli-linux-x64-musl@2d699e3#451a8e4d21d4519bab62fc17914bdc6f19c7e468"

"@biomejs/cli-linux-x64@https://pkg.pr.new/biomejs/biome/@biomejs/cli-linux-x64@2d699e3":
  version "1.9.4"
  resolved "https://pkg.pr.new/biomejs/biome/@biomejs/cli-linux-x64@2d699e3#1d7c16215305592e2f0692d3a8d32bd07f8b9fb7"

"@biomejs/cli-win32-arm64@https://pkg.pr.new/biomejs/biome/@biomejs/cli-win32-arm64@2d699e3":
  version "1.9.4"
  resolved "https://pkg.pr.new/biomejs/biome/@biomejs/cli-win32-arm64@2d699e3#53893505043d8830ae3b14640449c77fa72ec2cc"

"@biomejs/cli-win32-x64@https://pkg.pr.new/biomejs/biome/@biomejs/cli-win32-x64@2d699e3":
  version "1.9.4"
  resolved "https://pkg.pr.new/biomejs/biome/@biomejs/cli-win32-x64@2d699e3#a2aca0048249f8fdd05344e0749ca5ecf6b383d8"
