# THIS IS AN AUTOGENERATED FILE. DO NOT EDIT THIS FILE DIRECTLY.
# yarn lockfile v1


"@biomejs/biome@https://pkg.pr.new/biomejs/biome/@biomejs/biome@241a440":
  version "1.9.4"
  resolved "https://pkg.pr.new/biomejs/biome/@biomejs/biome@241a440#55ce826424a8f51c9c2619ebb66cf653a68802ea"
  optionalDependencies:
    "@biomejs/cli-darwin-arm64" "https://pkg.pr.new/biomejs/biome/@biomejs/cli-darwin-arm64@241a440"
    "@biomejs/cli-darwin-x64" "https://pkg.pr.new/biomejs/biome/@biomejs/cli-darwin-x64@241a440"
    "@biomejs/cli-linux-arm64" "https://pkg.pr.new/biomejs/biome/@biomejs/cli-linux-arm64@241a440"
    "@biomejs/cli-linux-arm64-musl" "https://pkg.pr.new/biomejs/biome/@biomejs/cli-linux-arm64-musl@241a440"
    "@biomejs/cli-linux-x64" "https://pkg.pr.new/biomejs/biome/@biomejs/cli-linux-x64@241a440"
    "@biomejs/cli-linux-x64-musl" "https://pkg.pr.new/biomejs/biome/@biomejs/cli-linux-x64-musl@241a440"
    "@biomejs/cli-win32-arm64" "https://pkg.pr.new/biomejs/biome/@biomejs/cli-win32-arm64@241a440"
    "@biomejs/cli-win32-x64" "https://pkg.pr.new/biomejs/biome/@biomejs/cli-win32-x64@241a440"

"@biomejs/cli-darwin-arm64@https://pkg.pr.new/biomejs/biome/@biomejs/cli-darwin-arm64@241a440":
  version "1.9.4"
  resolved "https://pkg.pr.new/biomejs/biome/@biomejs/cli-darwin-arm64@241a440#895606cb6340e45a4f943229e98d4d0044414099"

"@biomejs/cli-darwin-x64@https://pkg.pr.new/biomejs/biome/@biomejs/cli-darwin-x64@241a440":
  version "1.9.4"
  resolved "https://pkg.pr.new/biomejs/biome/@biomejs/cli-darwin-x64@241a440#fd6e86b9864046beb18016fc92ee0d020b54fef7"

"@biomejs/cli-linux-arm64-musl@https://pkg.pr.new/biomejs/biome/@biomejs/cli-linux-arm64-musl@241a440":
  version "1.9.4"
  resolved "https://pkg.pr.new/biomejs/biome/@biomejs/cli-linux-arm64-musl@241a440#4cdfaa8b191a58f578f0242b2d6762b4685ebe94"

"@biomejs/cli-linux-arm64@https://pkg.pr.new/biomejs/biome/@biomejs/cli-linux-arm64@241a440":
  version "1.9.4"
  resolved "https://pkg.pr.new/biomejs/biome/@biomejs/cli-linux-arm64@241a440#55cd8b258ef9e4ad4c327233f9909598c5bb0e5b"

"@biomejs/cli-linux-x64-musl@https://pkg.pr.new/biomejs/biome/@biomejs/cli-linux-x64-musl@241a440":
  version "1.9.4"
  resolved "https://pkg.pr.new/biomejs/biome/@biomejs/cli-linux-x64-musl@241a440#c165ec374b7518dc3443cc3f1da0707b7ff42b6a"

"@biomejs/cli-linux-x64@https://pkg.pr.new/biomejs/biome/@biomejs/cli-linux-x64@241a440":
  version "1.9.4"
  resolved "https://pkg.pr.new/biomejs/biome/@biomejs/cli-linux-x64@241a440#d13a363f88b93af2e6609ca9dfeeb19a0ec34e98"

"@biomejs/cli-win32-arm64@https://pkg.pr.new/biomejs/biome/@biomejs/cli-win32-arm64@241a440":
  version "1.9.4"
  resolved "https://pkg.pr.new/biomejs/biome/@biomejs/cli-win32-arm64@241a440#419b6ca171239547e221e9c951c5a899bac10406"

"@biomejs/cli-win32-x64@https://pkg.pr.new/biomejs/biome/@biomejs/cli-win32-x64@241a440":
  version "1.9.4"
  resolved "https://pkg.pr.new/biomejs/biome/@biomejs/cli-win32-x64@241a440#d35435c42edec12f25dcb5b86c62866e5e9964b2"
